schema: '2.0'
stages:
  select_region:
    cmd: python src/data/get_data.py data/raw/data.xlsx data/processed/data.csv
    deps:
    - path: data/raw/data.xlsx
      hash: md5
      md5: e8c921732ee342abef98b3456c11aa42
      size: 179766
    - path: src/data/get_data.py
      hash: md5
      md5: 2ef0f813d7c696be3dc9c3fb2a1ec36c
      size: 447
    params:
      params.yaml:
        data.DATA_PATH: data/processed/data.csv
        data.RAW_DATA_PATH: data/raw/data.xlsx
    outs:
    - path: data/processed/data.csv
      hash: md5
      md5: ec64ad25e1205056f8c68166c0b95b65
      size: 186413
  clean_data:
    cmd: python src/data/clean_data.py data/processed/data.csv data/processed/data_cleaned.csv
    deps:
    - path: data/processed/data.csv
      hash: md5
      md5: 250b6638261c16535fb0df518ee633c1
      size: 144702
    - path: src/data/clean_data.py
      hash: md5
      md5: 41ef4c29f3fdb6c765f9b264e5876414
      size: 522
    params:
      params.yaml:
        data.CLEANED_DATA_PATH: data/processed/data_cleaned.csv
        data.DATA_PATH: data/processed/data.csv
    outs:
    - path: data/processed/data_cleaned.csv
      hash: md5
      md5: 5bcd90b64f4f6b09c8a3f8876b70e9c1
      size: 165452
  get_data:
    cmd: python src/data/get_data.py data/raw/data.csv data/processed/data.csv
    deps:
    - path: src/data/get_data.py
      hash: md5
      md5: 1309d3b6592dd5c6de65476c73900d6e
      size: 564
    params:
      params.yaml:
        data.DATA_PATH: data/processed/data.csv
        data.RAW_DATA_PATH: data/raw/data.csv
    outs:
    - path: data/processed/data.csv
      hash: md5
      md5: 250b6638261c16535fb0df518ee633c1
      size: 144702
  add_features:
    cmd: python src/features/add_features.py data/processed/data_cleaned.csv data/processed/data_featured.csv
    deps:
    - path: data/processed/data_cleaned.csv
      hash: md5
      md5: 5bcd90b64f4f6b09c8a3f8876b70e9c1
      size: 165452
    - path: src/features/add_features.py
      hash: md5
      md5: b899854b2db68c12af89a893c1344647
      size: 1688
    params:
      params.yaml:
        data.CLEANED_DATA_PATH: data/processed/data_cleaned.csv
        data.FEATURED_DATA_PATH: data/processed/data_featured.csv
    outs:
    - path: data/processed/data_featured.csv
      hash: md5
      md5: 064aecb84770f406fbd91533c0239c65
      size: 698399
  prepare_datasets:
    cmd: python src/data/prepare_datasets.py data/processed/data_featured.csv data/processed/train.csv
      data/processed/test.csv
    deps:
    - path: data/processed/data_featured.csv
      hash: md5
      md5: 064aecb84770f406fbd91533c0239c65
      size: 698399
    - path: src/data/prepare_datasets.py
      hash: md5
      md5: 2ded259e8b2a8f312c7214aee516fdd7
      size: 869
    params:
      params.yaml:
        data.FEATURED_DATA_PATH: data/processed/data_featured.csv
        data.TEST_FILE_PATH: data/processed/test.csv
        data.TRAIN_FILE_PATH: data/processed/train.csv
        prep.split_date: '2023-10-02'
    outs:
    - path: data/processed/test.csv
      hash: md5
      md5: b596df3a148e2e28dea84a61b2923249
      size: 134399
    - path: data/processed/train.csv
      hash: md5
      md5: e014dc4178783e15ec19480e4a65b91d
      size: 536867
  train:
    cmd: python src/models/train.py data/processed/train.csv models/catboost_model.cbm
    deps:
    - path: data/processed/train.csv
      hash: md5
      md5: e014dc4178783e15ec19480e4a65b91d
      size: 536867
    - path: src/models/train.py
      hash: md5
      md5: fc91b2a5dcbe0ac6c40c3d80ae99d1d1
      size: 3501
    params:
      params.yaml:
        data.MODEL_FILE_PATH: models/catboost_model.cbm
        data.TRAIN_FILE_PATH: data/processed/train.csv
    outs:
    - path: models/catboost_model.cbm
      hash: md5
      md5: 48379557f28c153ac0b6d098b84b67b6
      size: 1489248
  predict:
    cmd: python src/models/predict.py data/raw/data.csv models/catboost_model.cbm
      data/predictions/preds.csv
    deps:
    - path: data/raw/data.csv
      hash: md5
      md5: 8e383143bfb3ad2fa886aa0411b9849c
      size: 155043
    - path: models/catboost_model.cbm
      hash: md5
      md5: 48379557f28c153ac0b6d098b84b67b6
      size: 1489248
    - path: src/models/predict.py
      hash: md5
      md5: 6533dbc13312074d80eccfd7af9cedee
      size: 2171
    params:
      params.yaml:
        data.MODEL_FILE_PATH: models/catboost_model.cbm
        data.PREDS_FILE_PATH: data/predictions/preds.csv
        data.RAW_DATA_PATH: data/raw/data.csv
    outs:
    - path: data/predictions/preds.csv
      hash: md5
      md5: 5bf0623184126c778f5df9e27e5e2835
      size: 192569
  s3upload:
    cmd: python src/models/upload_model.py models/catboost_model.cbm
    deps:
    - path: data/predictions/preds.csv
      hash: md5
      md5: 235ae039191305647d845afc5ab9349d
      size: 192830
    - path: src/models/upload_model.py
      hash: md5
      md5: f7db71606c317e09a099a4f6d361316f
      size: 987
    params:
      params.yaml:
        data.MODEL_FILE_PATH: models/catboost_model.cbm
